// !$*UTF8*$!
{
	archiveVersion = 1;
	classes = {
	};
	objectVersion = 56;
	objects = {

/* Begin PBXBuildFile section */
		0AC7BC3458341A914CE2884D /* Pods_InstagramCloneCoding_InstagramCloneCodingUITests.framework in Frameworks */ = {isa = PBXBuildFile; fileRef = 5240E2EDCDE9C144E8DFC19B /* Pods_InstagramCloneCoding_InstagramCloneCodingUITests.framework */; };
		2806C97D2927C2C800A68C9F /* AppDelegate.swift in Sources */ = {isa = PBXBuildFile; fileRef = 2806C97C2927C2C800A68C9F /* AppDelegate.swift */; };
		2806C97F2927C2C800A68C9F /* SceneDelegate.swift in Sources */ = {isa = PBXBuildFile; fileRef = 2806C97E2927C2C800A68C9F /* SceneDelegate.swift */; };
		2806C9812927C2C800A68C9F /* HomeViewController.swift in Sources */ = {isa = PBXBuildFile; fileRef = 2806C9802927C2C800A68C9F /* HomeViewController.swift */; };
		2806C9842927C2C800A68C9F /* Main.storyboard in Resources */ = {isa = PBXBuildFile; fileRef = 2806C9822927C2C800A68C9F /* Main.storyboard */; };
		2806C9862927C2C900A68C9F /* Assets.xcassets in Resources */ = {isa = PBXBuildFile; fileRef = 2806C9852927C2C900A68C9F /* Assets.xcassets */; };
		2806C9892927C2C900A68C9F /* LaunchScreen.storyboard in Resources */ = {isa = PBXBuildFile; fileRef = 2806C9872927C2C900A68C9F /* LaunchScreen.storyboard */; };
		2806C9942927C2C900A68C9F /* InstagramCloneCodingTests.swift in Sources */ = {isa = PBXBuildFile; fileRef = 2806C9932927C2C900A68C9F /* InstagramCloneCodingTests.swift */; };
		2806C99E2927C2C900A68C9F /* InstagramCloneCodingUITests.swift in Sources */ = {isa = PBXBuildFile; fileRef = 2806C99D2927C2C900A68C9F /* InstagramCloneCodingUITests.swift */; };
		2806C9A02927C2C900A68C9F /* InstagramCloneCodingUITestsLaunchTests.swift in Sources */ = {isa = PBXBuildFile; fileRef = 2806C99F2927C2C900A68C9F /* InstagramCloneCodingUITestsLaunchTests.swift */; };
		2806C9B22927C4E800A68C9F /* ExploreViewController.swift in Sources */ = {isa = PBXBuildFile; fileRef = 2806C9B12927C4E800A68C9F /* ExploreViewController.swift */; };
		2806C9B42927C4FE00A68C9F /* CameraViewController.swift in Sources */ = {isa = PBXBuildFile; fileRef = 2806C9B32927C4FE00A68C9F /* CameraViewController.swift */; };
		2806C9B62927C50E00A68C9F /* NotificationViewController.swift in Sources */ = {isa = PBXBuildFile; fileRef = 2806C9B52927C50E00A68C9F /* NotificationViewController.swift */; };
		2806C9B82927C51700A68C9F /* ProfileViewController.swift in Sources */ = {isa = PBXBuildFile; fileRef = 2806C9B72927C51700A68C9F /* ProfileViewController.swift */; };
		2806C9BD2927C58900A68C9F /* LoginViewController.swift in Sources */ = {isa = PBXBuildFile; fileRef = 2806C9BC2927C58900A68C9F /* LoginViewController.swift */; };
		2806C9BF2927C59800A68C9F /* RegistrationViewController.swift in Sources */ = {isa = PBXBuildFile; fileRef = 2806C9BE2927C59800A68C9F /* RegistrationViewController.swift */; };
		2806C9C12927C5BD00A68C9F /* PostViewController.swift in Sources */ = {isa = PBXBuildFile; fileRef = 2806C9C02927C5BD00A68C9F /* PostViewController.swift */; };
		2806C9C32927C5D900A68C9F /* EditProfileViewController.swift in Sources */ = {isa = PBXBuildFile; fileRef = 2806C9C22927C5D900A68C9F /* EditProfileViewController.swift */; };
		2806C9C52927C5E300A68C9F /* SettingsViewController.swift in Sources */ = {isa = PBXBuildFile; fileRef = 2806C9C42927C5E300A68C9F /* SettingsViewController.swift */; };
		2806C9C72927C5F400A68C9F /* ListViewController.swift in Sources */ = {isa = PBXBuildFile; fileRef = 2806C9C62927C5F400A68C9F /* ListViewController.swift */; };
		2806C9C92927C60B00A68C9F /* SearchViewController.swift in Sources */ = {isa = PBXBuildFile; fileRef = 2806C9C82927C60B00A68C9F /* SearchViewController.swift */; };
		2806C9CB2927C61600A68C9F /* SearchResultViewController.swift in Sources */ = {isa = PBXBuildFile; fileRef = 2806C9CA2927C61600A68C9F /* SearchResultViewController.swift */; };
		2806C9CD2927C64400A68C9F /* PostEditorViewController.swift in Sources */ = {isa = PBXBuildFile; fileRef = 2806C9CC2927C64400A68C9F /* PostEditorViewController.swift */; };
		2806C9CF2927C65100A68C9F /* PublishPostViewController.swift in Sources */ = {isa = PBXBuildFile; fileRef = 2806C9CE2927C65100A68C9F /* PublishPostViewController.swift */; };
		2856B8BB29699B0600F3C9C1 /* GoogleService-Info.plist in Resources */ = {isa = PBXBuildFile; fileRef = 2856B8BA29699B0600F3C9C1 /* GoogleService-Info.plist */; };
		2856B8FA29699D0E00F3C9C1 /* DatabaseManager.swift in Sources */ = {isa = PBXBuildFile; fileRef = 2856B8F929699D0E00F3C9C1 /* DatabaseManager.swift */; };
		2856B8FC29699DC900F3C9C1 /* AuthManager.swift in Sources */ = {isa = PBXBuildFile; fileRef = 2856B8FB29699DC900F3C9C1 /* AuthManager.swift */; };
		2856B8FE29699E0000F3C9C1 /* StorageManager.swift in Sources */ = {isa = PBXBuildFile; fileRef = 2856B8FD29699E0000F3C9C1 /* StorageManager.swift */; };
		CBC33F39CF90BA11A043A8FF /* Pods_InstagramCloneCodingTests.framework in Frameworks */ = {isa = PBXBuildFile; fileRef = E241AB40B48B26779232DBCF /* Pods_InstagramCloneCodingTests.framework */; };
		F73EA5A7E2936A2A1F48F91B /* Pods_InstagramCloneCoding.framework in Frameworks */ = {isa = PBXBuildFile; fileRef = 7D6B0DBA4991C51DCC6F5B84 /* Pods_InstagramCloneCoding.framework */; };
/* End PBXBuildFile section */

/* Begin PBXContainerItemProxy section */
		2806C9902927C2C900A68C9F /* PBXContainerItemProxy */ = {
			isa = PBXContainerItemProxy;
			containerPortal = 2806C9712927C2C800A68C9F /* Project object */;
			proxyType = 1;
			remoteGlobalIDString = 2806C9782927C2C800A68C9F;
			remoteInfo = InstagramCloneCoding;
		};
		2806C99A2927C2C900A68C9F /* PBXContainerItemProxy */ = {
			isa = PBXContainerItemProxy;
			containerPortal = 2806C9712927C2C800A68C9F /* Project object */;
			proxyType = 1;
			remoteGlobalIDString = 2806C9782927C2C800A68C9F;
			remoteInfo = InstagramCloneCoding;
		};
/* End PBXContainerItemProxy section */

/* Begin PBXFileReference section */
		0C4233561989F0F4D0D8F62A /* Pods-InstagramCloneCoding-InstagramCloneCodingUITests.debug.xcconfig */ = {isa = PBXFileReference; includeInIndex = 1; lastKnownFileType = text.xcconfig; name = "Pods-InstagramCloneCoding-InstagramCloneCodingUITests.debug.xcconfig"; path = "Target Support Files/Pods-InstagramCloneCoding-InstagramCloneCodingUITests/Pods-InstagramCloneCoding-InstagramCloneCodingUITests.debug.xcconfig"; sourceTree = "<group>"; };
		2806C9792927C2C800A68C9F /* InstagramCloneCoding.app */ = {isa = PBXFileReference; explicitFileType = wrapper.application; includeInIndex = 0; path = InstagramCloneCoding.app; sourceTree = BUILT_PRODUCTS_DIR; };
		2806C97C2927C2C800A68C9F /* AppDelegate.swift */ = {isa = PBXFileReference; lastKnownFileType = sourcecode.swift; path = AppDelegate.swift; sourceTree = "<group>"; };
		2806C97E2927C2C800A68C9F /* SceneDelegate.swift */ = {isa = PBXFileReference; lastKnownFileType = sourcecode.swift; path = SceneDelegate.swift; sourceTree = "<group>"; };
		2806C9802927C2C800A68C9F /* HomeViewController.swift */ = {isa = PBXFileReference; lastKnownFileType = sourcecode.swift; path = HomeViewController.swift; sourceTree = "<group>"; };
		2806C9832927C2C800A68C9F /* Base */ = {isa = PBXFileReference; lastKnownFileType = file.storyboard; name = Base; path = Base.lproj/Main.storyboard; sourceTree = "<group>"; };
		2806C9852927C2C900A68C9F /* Assets.xcassets */ = {isa = PBXFileReference; lastKnownFileType = folder.assetcatalog; path = Assets.xcassets; sourceTree = "<group>"; };
		2806C9882927C2C900A68C9F /* Base */ = {isa = PBXFileReference; lastKnownFileType = file.storyboard; name = Base; path = Base.lproj/LaunchScreen.storyboard; sourceTree = "<group>"; };
		2806C98A2927C2C900A68C9F /* Info.plist */ = {isa = PBXFileReference; lastKnownFileType = text.plist.xml; path = Info.plist; sourceTree = "<group>"; };
		2806C98F2927C2C900A68C9F /* InstagramCloneCodingTests.xctest */ = {isa = PBXFileReference; explicitFileType = wrapper.cfbundle; includeInIndex = 0; path = InstagramCloneCodingTests.xctest; sourceTree = BUILT_PRODUCTS_DIR; };
		2806C9932927C2C900A68C9F /* InstagramCloneCodingTests.swift */ = {isa = PBXFileReference; lastKnownFileType = sourcecode.swift; path = InstagramCloneCodingTests.swift; sourceTree = "<group>"; };
		2806C9992927C2C900A68C9F /* InstagramCloneCodingUITests.xctest */ = {isa = PBXFileReference; explicitFileType = wrapper.cfbundle; includeInIndex = 0; path = InstagramCloneCodingUITests.xctest; sourceTree = BUILT_PRODUCTS_DIR; };
		2806C99D2927C2C900A68C9F /* InstagramCloneCodingUITests.swift */ = {isa = PBXFileReference; lastKnownFileType = sourcecode.swift; path = InstagramCloneCodingUITests.swift; sourceTree = "<group>"; };
		2806C99F2927C2C900A68C9F /* InstagramCloneCodingUITestsLaunchTests.swift */ = {isa = PBXFileReference; lastKnownFileType = sourcecode.swift; path = InstagramCloneCodingUITestsLaunchTests.swift; sourceTree = "<group>"; };
		2806C9B12927C4E800A68C9F /* ExploreViewController.swift */ = {isa = PBXFileReference; lastKnownFileType = sourcecode.swift; path = ExploreViewController.swift; sourceTree = "<group>"; };
		2806C9B32927C4FE00A68C9F /* CameraViewController.swift */ = {isa = PBXFileReference; lastKnownFileType = sourcecode.swift; path = CameraViewController.swift; sourceTree = "<group>"; };
		2806C9B52927C50E00A68C9F /* NotificationViewController.swift */ = {isa = PBXFileReference; lastKnownFileType = sourcecode.swift; path = NotificationViewController.swift; sourceTree = "<group>"; };
		2806C9B72927C51700A68C9F /* ProfileViewController.swift */ = {isa = PBXFileReference; lastKnownFileType = sourcecode.swift; path = ProfileViewController.swift; sourceTree = "<group>"; };
		2806C9BC2927C58900A68C9F /* LoginViewController.swift */ = {isa = PBXFileReference; lastKnownFileType = sourcecode.swift; path = LoginViewController.swift; sourceTree = "<group>"; };
		2806C9BE2927C59800A68C9F /* RegistrationViewController.swift */ = {isa = PBXFileReference; lastKnownFileType = sourcecode.swift; path = RegistrationViewController.swift; sourceTree = "<group>"; };
		2806C9C02927C5BD00A68C9F /* PostViewController.swift */ = {isa = PBXFileReference; lastKnownFileType = sourcecode.swift; path = PostViewController.swift; sourceTree = "<group>"; };
		2806C9C22927C5D900A68C9F /* EditProfileViewController.swift */ = {isa = PBXFileReference; lastKnownFileType = sourcecode.swift; path = EditProfileViewController.swift; sourceTree = "<group>"; };
		2806C9C42927C5E300A68C9F /* SettingsViewController.swift */ = {isa = PBXFileReference; lastKnownFileType = sourcecode.swift; path = SettingsViewController.swift; sourceTree = "<group>"; };
		2806C9C62927C5F400A68C9F /* ListViewController.swift */ = {isa = PBXFileReference; lastKnownFileType = sourcecode.swift; path = ListViewController.swift; sourceTree = "<group>"; };
		2806C9C82927C60B00A68C9F /* SearchViewController.swift */ = {isa = PBXFileReference; lastKnownFileType = sourcecode.swift; path = SearchViewController.swift; sourceTree = "<group>"; };
		2806C9CA2927C61600A68C9F /* SearchResultViewController.swift */ = {isa = PBXFileReference; lastKnownFileType = sourcecode.swift; path = SearchResultViewController.swift; sourceTree = "<group>"; };
		2806C9CC2927C64400A68C9F /* PostEditorViewController.swift */ = {isa = PBXFileReference; lastKnownFileType = sourcecode.swift; path = PostEditorViewController.swift; sourceTree = "<group>"; };
		2806C9CE2927C65100A68C9F /* PublishPostViewController.swift */ = {isa = PBXFileReference; lastKnownFileType = sourcecode.swift; path = PublishPostViewController.swift; sourceTree = "<group>"; };
		2856B8BA29699B0600F3C9C1 /* GoogleService-Info.plist */ = {isa = PBXFileReference; fileEncoding = 4; lastKnownFileType = text.plist.xml; path = "GoogleService-Info.plist"; sourceTree = "<group>"; };
		2856B8F929699D0E00F3C9C1 /* DatabaseManager.swift */ = {isa = PBXFileReference; lastKnownFileType = sourcecode.swift; path = DatabaseManager.swift; sourceTree = "<group>"; };
		2856B8FB29699DC900F3C9C1 /* AuthManager.swift */ = {isa = PBXFileReference; lastKnownFileType = sourcecode.swift; path = AuthManager.swift; sourceTree = "<group>"; };
		2856B8FD29699E0000F3C9C1 /* StorageManager.swift */ = {isa = PBXFileReference; lastKnownFileType = sourcecode.swift; path = StorageManager.swift; sourceTree = "<group>"; };
		471731AA855AB955ACFB539C /* Pods-InstagramCloneCoding.debug.xcconfig */ = {isa = PBXFileReference; includeInIndex = 1; lastKnownFileType = text.xcconfig; name = "Pods-InstagramCloneCoding.debug.xcconfig"; path = "Target Support Files/Pods-InstagramCloneCoding/Pods-InstagramCloneCoding.debug.xcconfig"; sourceTree = "<group>"; };
		4A718BFA39FD340D1E1E1F6C /* Pods-InstagramCloneCodingTests.release.xcconfig */ = {isa = PBXFileReference; includeInIndex = 1; lastKnownFileType = text.xcconfig; name = "Pods-InstagramCloneCodingTests.release.xcconfig"; path = "Target Support Files/Pods-InstagramCloneCodingTests/Pods-InstagramCloneCodingTests.release.xcconfig"; sourceTree = "<group>"; };
		5240E2EDCDE9C144E8DFC19B /* Pods_InstagramCloneCoding_InstagramCloneCodingUITests.framework */ = {isa = PBXFileReference; explicitFileType = wrapper.framework; includeInIndex = 0; path = Pods_InstagramCloneCoding_InstagramCloneCodingUITests.framework; sourceTree = BUILT_PRODUCTS_DIR; };
		74D2F2E08A0257811B0942BE /* Pods-InstagramCloneCoding-InstagramCloneCodingUITests.release.xcconfig */ = {isa = PBXFileReference; includeInIndex = 1; lastKnownFileType = text.xcconfig; name = "Pods-InstagramCloneCoding-InstagramCloneCodingUITests.release.xcconfig"; path = "Target Support Files/Pods-InstagramCloneCoding-InstagramCloneCodingUITests/Pods-InstagramCloneCoding-InstagramCloneCodingUITests.release.xcconfig"; sourceTree = "<group>"; };
		7D6B0DBA4991C51DCC6F5B84 /* Pods_InstagramCloneCoding.framework */ = {isa = PBXFileReference; explicitFileType = wrapper.framework; includeInIndex = 0; path = Pods_InstagramCloneCoding.framework; sourceTree = BUILT_PRODUCTS_DIR; };
		E241AB40B48B26779232DBCF /* Pods_InstagramCloneCodingTests.framework */ = {isa = PBXFileReference; explicitFileType = wrapper.framework; includeInIndex = 0; path = Pods_InstagramCloneCodingTests.framework; sourceTree = BUILT_PRODUCTS_DIR; };
		E7D94FC07EEB61B2934B5451 /* Pods-InstagramCloneCoding.release.xcconfig */ = {isa = PBXFileReference; includeInIndex = 1; lastKnownFileType = text.xcconfig; name = "Pods-InstagramCloneCoding.release.xcconfig"; path = "Target Support Files/Pods-InstagramCloneCoding/Pods-InstagramCloneCoding.release.xcconfig"; sourceTree = "<group>"; };
		F081BF7E622AADF595FCB789 /* Pods-InstagramCloneCodingTests.debug.xcconfig */ = {isa = PBXFileReference; includeInIndex = 1; lastKnownFileType = text.xcconfig; name = "Pods-InstagramCloneCodingTests.debug.xcconfig"; path = "Target Support Files/Pods-InstagramCloneCodingTests/Pods-InstagramCloneCodingTests.debug.xcconfig"; sourceTree = "<group>"; };
/* End PBXFileReference section */

/* Begin PBXFrameworksBuildPhase section */
		2806C9762927C2C800A68C9F /* Frameworks */ = {
			isa = PBXFrameworksBuildPhase;
			buildActionMask = 2147483647;
			files = (
				F73EA5A7E2936A2A1F48F91B /* Pods_InstagramCloneCoding.framework in Frameworks */,
			);
			runOnlyForDeploymentPostprocessing = 0;
		};
		2806C98C2927C2C900A68C9F /* Frameworks */ = {
			isa = PBXFrameworksBuildPhase;
			buildActionMask = 2147483647;
			files = (
				CBC33F39CF90BA11A043A8FF /* Pods_InstagramCloneCodingTests.framework in Frameworks */,
			);
			runOnlyForDeploymentPostprocessing = 0;
		};
		2806C9962927C2C900A68C9F /* Frameworks */ = {
			isa = PBXFrameworksBuildPhase;
			buildActionMask = 2147483647;
			files = (
				0AC7BC3458341A914CE2884D /* Pods_InstagramCloneCoding_InstagramCloneCodingUITests.framework in Frameworks */,
			);
			runOnlyForDeploymentPostprocessing = 0;
		};
/* End PBXFrameworksBuildPhase section */

/* Begin PBXGroup section */
		2806C9702927C2C800A68C9F = {
			isa = PBXGroup;
			children = (
				2806C97B2927C2C800A68C9F /* InstagramCloneCoding */,
				2806C9922927C2C900A68C9F /* InstagramCloneCodingTests */,
				2806C99C2927C2C900A68C9F /* InstagramCloneCodingUITests */,
				2806C97A2927C2C800A68C9F /* Products */,
				334E98149A45BF3808CB8D82 /* Pods */,
				F3F6E2F53A574D7B6E92E6B2 /* Frameworks */,
			);
			sourceTree = "<group>";
		};
		2806C97A2927C2C800A68C9F /* Products */ = {
			isa = PBXGroup;
			children = (
				2806C9792927C2C800A68C9F /* InstagramCloneCoding.app */,
				2806C98F2927C2C900A68C9F /* InstagramCloneCodingTests.xctest */,
				2806C9992927C2C900A68C9F /* InstagramCloneCodingUITests.xctest */,
			);
			name = Products;
			sourceTree = "<group>";
		};
		2806C97B2927C2C800A68C9F /* InstagramCloneCoding */ = {
			isa = PBXGroup;
			children = (
				2806C9AF2927C3FE00A68C9F /* Resources */,
				2806C9AE2927C3F500A68C9F /* Models */,
				2806C9AD2927C3F000A68C9F /* Views */,
				2806C9AC2927C3C800A68C9F /* Controllers */,
				2806C98A2927C2C900A68C9F /* Info.plist */,
			);
			path = InstagramCloneCoding;
			sourceTree = "<group>";
		};
		2806C9922927C2C900A68C9F /* InstagramCloneCodingTests */ = {
			isa = PBXGroup;
			children = (
				2806C9932927C2C900A68C9F /* InstagramCloneCodingTests.swift */,
			);
			path = InstagramCloneCodingTests;
			sourceTree = "<group>";
		};
		2806C99C2927C2C900A68C9F /* InstagramCloneCodingUITests */ = {
			isa = PBXGroup;
			children = (
				2806C99D2927C2C900A68C9F /* InstagramCloneCodingUITests.swift */,
				2806C99F2927C2C900A68C9F /* InstagramCloneCodingUITestsLaunchTests.swift */,
			);
			path = InstagramCloneCodingUITests;
			sourceTree = "<group>";
		};
		2806C9AC2927C3C800A68C9F /* Controllers */ = {
			isa = PBXGroup;
			children = (
				2806C9BA2927C57500A68C9F /* Other */,
				2806C9B92927C53400A68C9F /* Core Tabs */,
			);
			path = Controllers;
			sourceTree = "<group>";
		};
		2806C9AD2927C3F000A68C9F /* Views */ = {
			isa = PBXGroup;
			children = (
				2806C9B02927C44600A68C9F /* Storyboards */,
				2806C9852927C2C900A68C9F /* Assets.xcassets */,
			);
			path = Views;
			sourceTree = "<group>";
		};
		2806C9AE2927C3F500A68C9F /* Models */ = {
			isa = PBXGroup;
			children = (
			);
			path = Models;
			sourceTree = "<group>";
		};
		2806C9AF2927C3FE00A68C9F /* Resources */ = {
			isa = PBXGroup;
			children = (
				2856B8BA29699B0600F3C9C1 /* GoogleService-Info.plist */,
				2806C97C2927C2C800A68C9F /* AppDelegate.swift */,
				2806C97E2927C2C800A68C9F /* SceneDelegate.swift */,
				2856B8F929699D0E00F3C9C1 /* DatabaseManager.swift */,
				2856B8FB29699DC900F3C9C1 /* AuthManager.swift */,
				2856B8FD29699E0000F3C9C1 /* StorageManager.swift */,
			);
			path = Resources;
			sourceTree = "<group>";
		};
		2806C9B02927C44600A68C9F /* Storyboards */ = {
			isa = PBXGroup;
			children = (
				2806C9822927C2C800A68C9F /* Main.storyboard */,
				2806C9872927C2C900A68C9F /* LaunchScreen.storyboard */,
			);
			path = Storyboards;
			sourceTree = "<group>";
		};
		2806C9B92927C53400A68C9F /* Core Tabs */ = {
			isa = PBXGroup;
			children = (
				2806C9802927C2C800A68C9F /* HomeViewController.swift */,
				2806C9B12927C4E800A68C9F /* ExploreViewController.swift */,
				2806C9B32927C4FE00A68C9F /* CameraViewController.swift */,
				2806C9B52927C50E00A68C9F /* NotificationViewController.swift */,
				2806C9B72927C51700A68C9F /* ProfileViewController.swift */,
			);
			path = "Core Tabs";
			sourceTree = "<group>";
		};
		2806C9BA2927C57500A68C9F /* Other */ = {
			isa = PBXGroup;
			children = (
				2806C9BB2927C57C00A68C9F /* Onboarding */,
				2856B8BC29699C1A00F3C9C1 /* General */,
			);
			path = Other;
			sourceTree = "<group>";
		};
		2806C9BB2927C57C00A68C9F /* Onboarding */ = {
			isa = PBXGroup;
			children = (
				2806C9BC2927C58900A68C9F /* LoginViewController.swift */,
				2806C9BE2927C59800A68C9F /* RegistrationViewController.swift */,
			);
			path = Onboarding;
			sourceTree = "<group>";
		};
		2856B8BC29699C1A00F3C9C1 /* General */ = {
			isa = PBXGroup;
			children = (
				2806C9C02927C5BD00A68C9F /* PostViewController.swift */,
				2806C9C22927C5D900A68C9F /* EditProfileViewController.swift */,
				2806C9C42927C5E300A68C9F /* SettingsViewController.swift */,
				2806C9C62927C5F400A68C9F /* ListViewController.swift */,
				2806C9C82927C60B00A68C9F /* SearchViewController.swift */,
				2806C9CA2927C61600A68C9F /* SearchResultViewController.swift */,
				2806C9CC2927C64400A68C9F /* PostEditorViewController.swift */,
				2806C9CE2927C65100A68C9F /* PublishPostViewController.swift */,
			);
			path = General;
			sourceTree = "<group>";
		};
		334E98149A45BF3808CB8D82 /* Pods */ = {
			isa = PBXGroup;
			children = (
				471731AA855AB955ACFB539C /* Pods-InstagramCloneCoding.debug.xcconfig */,
				E7D94FC07EEB61B2934B5451 /* Pods-InstagramCloneCoding.release.xcconfig */,
				0C4233561989F0F4D0D8F62A /* Pods-InstagramCloneCoding-InstagramCloneCodingUITests.debug.xcconfig */,
				74D2F2E08A0257811B0942BE /* Pods-InstagramCloneCoding-InstagramCloneCodingUITests.release.xcconfig */,
				F081BF7E622AADF595FCB789 /* Pods-InstagramCloneCodingTests.debug.xcconfig */,
				4A718BFA39FD340D1E1E1F6C /* Pods-InstagramCloneCodingTests.release.xcconfig */,
			);
			path = Pods;
			sourceTree = "<group>";
		};
		F3F6E2F53A574D7B6E92E6B2 /* Frameworks */ = {
			isa = PBXGroup;
			children = (
				7D6B0DBA4991C51DCC6F5B84 /* Pods_InstagramCloneCoding.framework */,
				5240E2EDCDE9C144E8DFC19B /* Pods_InstagramCloneCoding_InstagramCloneCodingUITests.framework */,
				E241AB40B48B26779232DBCF /* Pods_InstagramCloneCodingTests.framework */,
			);
			name = Frameworks;
			sourceTree = "<group>";
		};
/* End PBXGroup section */

/* Begin PBXNativeTarget section */
		2806C9782927C2C800A68C9F /* InstagramCloneCoding */ = {
			isa = PBXNativeTarget;
			buildConfigurationList = 2806C9A32927C2C900A68C9F /* Build configuration list for PBXNativeTarget "InstagramCloneCoding" */;
			buildPhases = (
				C4BF608C6186CBEE6878EA6A /* [CP] Check Pods Manifest.lock */,
				2806C9752927C2C800A68C9F /* Sources */,
				2806C9762927C2C800A68C9F /* Frameworks */,
				2806C9772927C2C800A68C9F /* Resources */,
				8C45775F64F23C8E233CAACE /* [CP] Embed Pods Frameworks */,
			);
			buildRules = (
			);
			dependencies = (
			);
			name = InstagramCloneCoding;
			productName = InstagramCloneCoding;
			productReference = 2806C9792927C2C800A68C9F /* InstagramCloneCoding.app */;
			productType = "com.apple.product-type.application";
		};
		2806C98E2927C2C900A68C9F /* InstagramCloneCodingTests */ = {
			isa = PBXNativeTarget;
			buildConfigurationList = 2806C9A62927C2C900A68C9F /* Build configuration list for PBXNativeTarget "InstagramCloneCodingTests" */;
			buildPhases = (
				CF792B3E81470D53A4191AC4 /* [CP] Check Pods Manifest.lock */,
				2806C98B2927C2C900A68C9F /* Sources */,
				2806C98C2927C2C900A68C9F /* Frameworks */,
				2806C98D2927C2C900A68C9F /* Resources */,
			);
			buildRules = (
			);
			dependencies = (
				2806C9912927C2C900A68C9F /* PBXTargetDependency */,
			);
			name = InstagramCloneCodingTests;
			productName = InstagramCloneCodingTests;
			productReference = 2806C98F2927C2C900A68C9F /* InstagramCloneCodingTests.xctest */;
			productType = "com.apple.product-type.bundle.unit-test";
		};
		2806C9982927C2C900A68C9F /* InstagramCloneCodingUITests */ = {
			isa = PBXNativeTarget;
			buildConfigurationList = 2806C9A92927C2C900A68C9F /* Build configuration list for PBXNativeTarget "InstagramCloneCodingUITests" */;
			buildPhases = (
				C2ECA538443F4BE278AE2BB3 /* [CP] Check Pods Manifest.lock */,
				2806C9952927C2C900A68C9F /* Sources */,
				2806C9962927C2C900A68C9F /* Frameworks */,
				2806C9972927C2C900A68C9F /* Resources */,
				A04CEA5CBCB0226B6BC7650F /* [CP] Embed Pods Frameworks */,
			);
			buildRules = (
			);
			dependencies = (
				2806C99B2927C2C900A68C9F /* PBXTargetDependency */,
			);
			name = InstagramCloneCodingUITests;
			productName = InstagramCloneCodingUITests;
			productReference = 2806C9992927C2C900A68C9F /* InstagramCloneCodingUITests.xctest */;
			productType = "com.apple.product-type.bundle.ui-testing";
		};
/* End PBXNativeTarget section */

/* Begin PBXProject section */
		2806C9712927C2C800A68C9F /* Project object */ = {
			isa = PBXProject;
			attributes = {
				BuildIndependentTargetsInParallel = 1;
				LastSwiftUpdateCheck = 1410;
				LastUpgradeCheck = 1410;
				TargetAttributes = {
					2806C9782927C2C800A68C9F = {
						CreatedOnToolsVersion = 14.1;
					};
					2806C98E2927C2C900A68C9F = {
						CreatedOnToolsVersion = 14.1;
						TestTargetID = 2806C9782927C2C800A68C9F;
					};
					2806C9982927C2C900A68C9F = {
						CreatedOnToolsVersion = 14.1;
						TestTargetID = 2806C9782927C2C800A68C9F;
					};
				};
			};
			buildConfigurationList = 2806C9742927C2C800A68C9F /* Build configuration list for PBXProject "InstagramCloneCoding" */;
			compatibilityVersion = "Xcode 14.0";
			developmentRegion = en;
			hasScannedForEncodings = 0;
			knownRegions = (
				en,
				Base,
			);
			mainGroup = 2806C9702927C2C800A68C9F;
			productRefGroup = 2806C97A2927C2C800A68C9F /* Products */;
			projectDirPath = "";
			projectRoot = "";
			targets = (
				2806C9782927C2C800A68C9F /* InstagramCloneCoding */,
				2806C98E2927C2C900A68C9F /* InstagramCloneCodingTests */,
				2806C9982927C2C900A68C9F /* InstagramCloneCodingUITests */,
			);
		};
/* End PBXProject section */

/* Begin PBXResourcesBuildPhase section */
		2806C9772927C2C800A68C9F /* Resources */ = {
			isa = PBXResourcesBuildPhase;
			buildActionMask = 2147483647;
			files = (
				2806C9892927C2C900A68C9F /* LaunchScreen.storyboard in Resources */,
				2856B8BB29699B0600F3C9C1 /* GoogleService-Info.plist in Resources */,
				2806C9862927C2C900A68C9F /* Assets.xcassets in Resources */,
				2806C9842927C2C800A68C9F /* Main.storyboard in Resources */,
			);
			runOnlyForDeploymentPostprocessing = 0;
		};
		2806C98D2927C2C900A68C9F /* Resources */ = {
			isa = PBXResourcesBuildPhase;
			buildActionMask = 2147483647;
			files = (
			);
			runOnlyForDeploymentPostprocessing = 0;
		};
		2806C9972927C2C900A68C9F /* Resources */ = {
			isa = PBXResourcesBuildPhase;
			buildActionMask = 2147483647;
			files = (
			);
			runOnlyForDeploymentPostprocessing = 0;
		};
/* End PBXResourcesBuildPhase section */

/* Begin PBXShellScriptBuildPhase section */
		8C45775F64F23C8E233CAACE /* [CP] Embed Pods Frameworks */ = {
			isa = PBXShellScriptBuildPhase;
			buildActionMask = 2147483647;
			files = (
			);
			inputFileListPaths = (
				"${PODS_ROOT}/Target Support Files/Pods-InstagramCloneCoding/Pods-InstagramCloneCoding-frameworks-${CONFIGURATION}-input-files.xcfilelist",
			);
			name = "[CP] Embed Pods Frameworks";
			outputFileListPaths = (
				"${PODS_ROOT}/Target Support Files/Pods-InstagramCloneCoding/Pods-InstagramCloneCoding-frameworks-${CONFIGURATION}-output-files.xcfilelist",
			);
			runOnlyForDeploymentPostprocessing = 0;
			shellPath = /bin/sh;
			shellScript = "\"${PODS_ROOT}/Target Support Files/Pods-InstagramCloneCoding/Pods-InstagramCloneCoding-frameworks.sh\"\n";
			showEnvVarsInLog = 0;
		};
		A04CEA5CBCB0226B6BC7650F /* [CP] Embed Pods Frameworks */ = {
			isa = PBXShellScriptBuildPhase;
			buildActionMask = 2147483647;
			files = (
			);
			inputFileListPaths = (
				"${PODS_ROOT}/Target Support Files/Pods-InstagramCloneCoding-InstagramCloneCodingUITests/Pods-InstagramCloneCoding-InstagramCloneCodingUITests-frameworks-${CONFIGURATION}-input-files.xcfilelist",
			);
			name = "[CP] Embed Pods Frameworks";
			outputFileListPaths = (
				"${PODS_ROOT}/Target Support Files/Pods-InstagramCloneCoding-InstagramCloneCodingUITests/Pods-InstagramCloneCoding-InstagramCloneCodingUITests-frameworks-${CONFIGURATION}-output-files.xcfilelist",
			);
			runOnlyForDeploymentPostprocessing = 0;
			shellPath = /bin/sh;
			shellScript = "\"${PODS_ROOT}/Target Support Files/Pods-InstagramCloneCoding-InstagramCloneCodingUITests/Pods-InstagramCloneCoding-InstagramCloneCodingUITests-frameworks.sh\"\n";
			showEnvVarsInLog = 0;
		};
		C2ECA538443F4BE278AE2BB3 /* [CP] Check Pods Manifest.lock */ = {
			isa = PBXShellScriptBuildPhase;
			buildActionMask = 2147483647;
			files = (
			);
			inputFileListPaths = (
			);
			inputPaths = (
				"${PODS_PODFILE_DIR_PATH}/Podfile.lock",
				"${PODS_ROOT}/Manifest.lock",
			);
			name = "[CP] Check Pods Manifest.lock";
			outputFileListPaths = (
			);
			outputPaths = (
				"$(DERIVED_FILE_DIR)/Pods-InstagramCloneCoding-InstagramCloneCodingUITests-checkManifestLockResult.txt",
			);
			runOnlyForDeploymentPostprocessing = 0;
			shellPath = /bin/sh;
			shellScript = "diff \"${PODS_PODFILE_DIR_PATH}/Podfile.lock\" \"${PODS_ROOT}/Manifest.lock\" > /dev/null\nif [ $? != 0 ] ; then\n    # print error to STDERR\n    echo \"error: The sandbox is not in sync with the Podfile.lock. Run 'pod install' or update your CocoaPods installation.\" >&2\n    exit 1\nfi\n# This output is used by Xcode 'outputs' to avoid re-running this script phase.\necho \"SUCCESS\" > \"${SCRIPT_OUTPUT_FILE_0}\"\n";
			showEnvVarsInLog = 0;
		};
		C4BF608C6186CBEE6878EA6A /* [CP] Check Pods Manifest.lock */ = {
			isa = PBXShellScriptBuildPhase;
			buildActionMask = 2147483647;
			files = (
			);
			inputFileListPaths = (
			);
			inputPaths = (
				"${PODS_PODFILE_DIR_PATH}/Podfile.lock",
				"${PODS_ROOT}/Manifest.lock",
			);
			name = "[CP] Check Pods Manifest.lock";
			outputFileListPaths = (
			);
			outputPaths = (
				"$(DERIVED_FILE_DIR)/Pods-InstagramCloneCoding-checkManifestLockResult.txt",
			);
			runOnlyForDeploymentPostprocessing = 0;
			shellPath = /bin/sh;
			shellScript = "diff \"${PODS_PODFILE_DIR_PATH}/Podfile.lock\" \"${PODS_ROOT}/Manifest.lock\" > /dev/null\nif [ $? != 0 ] ; then\n    # print error to STDERR\n    echo \"error: The sandbox is not in sync with the Podfile.lock. Run 'pod install' or update your CocoaPods installation.\" >&2\n    exit 1\nfi\n# This output is used by Xcode 'outputs' to avoid re-running this script phase.\necho \"SUCCESS\" > \"${SCRIPT_OUTPUT_FILE_0}\"\n";
			showEnvVarsInLog = 0;
		};
		CF792B3E81470D53A4191AC4 /* [CP] Check Pods Manifest.lock */ = {
			isa = PBXShellScriptBuildPhase;
			buildActionMask = 2147483647;
			files = (
			);
			inputFileListPaths = (
			);
			inputPaths = (
				"${PODS_PODFILE_DIR_PATH}/Podfile.lock",
				"${PODS_ROOT}/Manifest.lock",
			);
			name = "[CP] Check Pods Manifest.lock";
			outputFileListPaths = (
			);
			outputPaths = (
				"$(DERIVED_FILE_DIR)/Pods-InstagramCloneCodingTests-checkManifestLockResult.txt",
			);
			runOnlyForDeploymentPostprocessing = 0;
			shellPath = /bin/sh;
			shellScript = "diff \"${PODS_PODFILE_DIR_PATH}/Podfile.lock\" \"${PODS_ROOT}/Manifest.lock\" > /dev/null\nif [ $? != 0 ] ; then\n    # print error to STDERR\n    echo \"error: The sandbox is not in sync with the Podfile.lock. Run 'pod install' or update your CocoaPods installation.\" >&2\n    exit 1\nfi\n# This output is used by Xcode 'outputs' to avoid re-running this script phase.\necho \"SUCCESS\" > \"${SCRIPT_OUTPUT_FILE_0}\"\n";
			showEnvVarsInLog = 0;
		};
/* End PBXShellScriptBuildPhase section */

/* Begin PBXSourcesBuildPhase section */
		2806C9752927C2C800A68C9F /* Sources */ = {
			isa = PBXSourcesBuildPhase;
			buildActionMask = 2147483647;
			files = (
				2806C9C32927C5D900A68C9F /* EditProfileViewController.swift in Sources */,
				2806C9B22927C4E800A68C9F /* ExploreViewController.swift in Sources */,
				2806C9CF2927C65100A68C9F /* PublishPostViewController.swift in Sources */,
				2806C9B42927C4FE00A68C9F /* CameraViewController.swift in Sources */,
				2806C9B62927C50E00A68C9F /* NotificationViewController.swift in Sources */,
				2806C9BF2927C59800A68C9F /* RegistrationViewController.swift in Sources */,
				2806C9CD2927C64400A68C9F /* PostEditorViewController.swift in Sources */,
				2856B8FE29699E0000F3C9C1 /* StorageManager.swift in Sources */,
				2806C9C12927C5BD00A68C9F /* PostViewController.swift in Sources */,
				2856B8FA29699D0E00F3C9C1 /* DatabaseManager.swift in Sources */,
				2806C9812927C2C800A68C9F /* HomeViewController.swift in Sources */,
				2806C9CB2927C61600A68C9F /* SearchResultViewController.swift in Sources */,
				2806C9BD2927C58900A68C9F /* LoginViewController.swift in Sources */,
				2806C9C92927C60B00A68C9F /* SearchViewController.swift in Sources */,
				2806C9B82927C51700A68C9F /* ProfileViewController.swift in Sources */,
				2856B8FC29699DC900F3C9C1 /* AuthManager.swift in Sources */,
				2806C97D2927C2C800A68C9F /* AppDelegate.swift in Sources */,
				2806C97F2927C2C800A68C9F /* SceneDelegate.swift in Sources */,
				2806C9C72927C5F400A68C9F /* ListViewController.swift in Sources */,
				2806C9C52927C5E300A68C9F /* SettingsViewController.swift in Sources */,
			);
			runOnlyForDeploymentPostprocessing = 0;
		};
		2806C98B2927C2C900A68C9F /* Sources */ = {
			isa = PBXSourcesBuildPhase;
			buildActionMask = 2147483647;
			files = (
				2806C9942927C2C900A68C9F /* InstagramCloneCodingTests.swift in Sources */,
			);
			runOnlyForDeploymentPostprocessing = 0;
		};
		2806C9952927C2C900A68C9F /* Sources */ = {
			isa = PBXSourcesBuildPhase;
			buildActionMask = 2147483647;
			files = (
				2806C99E2927C2C900A68C9F /* InstagramCloneCodingUITests.swift in Sources */,
				2806C9A02927C2C900A68C9F /* InstagramCloneCodingUITestsLaunchTests.swift in Sources */,
			);
			runOnlyForDeploymentPostprocessing = 0;
		};
/* End PBXSourcesBuildPhase section */

/* Begin PBXTargetDependency section */
		2806C9912927C2C900A68C9F /* PBXTargetDependency */ = {
			isa = PBXTargetDependency;
			target = 2806C9782927C2C800A68C9F /* InstagramCloneCoding */;
			targetProxy = 2806C9902927C2C900A68C9F /* PBXContainerItemProxy */;
		};
		2806C99B2927C2C900A68C9F /* PBXTargetDependency */ = {
			isa = PBXTargetDependency;
			target = 2806C9782927C2C800A68C9F /* InstagramCloneCoding */;
			targetProxy = 2806C99A2927C2C900A68C9F /* PBXContainerItemProxy */;
		};
/* End PBXTargetDependency section */

/* Begin PBXVariantGroup section */
		2806C9822927C2C800A68C9F /* Main.storyboard */ = {
			isa = PBXVariantGroup;
			children = (
				2806C9832927C2C800A68C9F /* Base */,
			);
			name = Main.storyboard;
			sourceTree = "<group>";
		};
		2806C9872927C2C900A68C9F /* LaunchScreen.storyboard */ = {
			isa = PBXVariantGroup;
			children = (
				2806C9882927C2C900A68C9F /* Base */,
			);
			name = LaunchScreen.storyboard;
			sourceTree = "<group>";
		};
/* End PBXVariantGroup section */

/* Begin XCBuildConfiguration section */
		2806C9A12927C2C900A68C9F /* Debug */ = {
			isa = XCBuildConfiguration;
			buildSettings = {
				ALWAYS_SEARCH_USER_PATHS = NO;
				CLANG_ANALYZER_NONNULL = YES;
				CLANG_ANALYZER_NUMBER_OBJECT_CONVERSION = YES_AGGRESSIVE;
				CLANG_CXX_LANGUAGE_STANDARD = "gnu++20";
				CLANG_ENABLE_MODULES = YES;
				CLANG_ENABLE_OBJC_ARC = YES;
				CLANG_ENABLE_OBJC_WEAK = YES;
				CLANG_WARN_BLOCK_CAPTURE_AUTORELEASING = YES;
				CLANG_WARN_BOOL_CONVERSION = YES;
				CLANG_WARN_COMMA = YES;
				CLANG_WARN_CONSTANT_CONVERSION = YES;
				CLANG_WARN_DEPRECATED_OBJC_IMPLEMENTATIONS = YES;
				CLANG_WARN_DIRECT_OBJC_ISA_USAGE = YES_ERROR;
				CLANG_WARN_DOCUMENTATION_COMMENTS = YES;
				CLANG_WARN_EMPTY_BODY = YES;
				CLANG_WARN_ENUM_CONVERSION = YES;
				CLANG_WARN_INFINITE_RECURSION = YES;
				CLANG_WARN_INT_CONVERSION = YES;
				CLANG_WARN_NON_LITERAL_NULL_CONVERSION = YES;
				CLANG_WARN_OBJC_IMPLICIT_RETAIN_SELF = YES;
				CLANG_WARN_OBJC_LITERAL_CONVERSION = YES;
				CLANG_WARN_OBJC_ROOT_CLASS = YES_ERROR;
				CLANG_WARN_QUOTED_INCLUDE_IN_FRAMEWORK_HEADER = YES;
				CLANG_WARN_RANGE_LOOP_ANALYSIS = YES;
				CLANG_WARN_STRICT_PROTOTYPES = YES;
				CLANG_WARN_SUSPICIOUS_MOVE = YES;
				CLANG_WARN_UNGUARDED_AVAILABILITY = YES_AGGRESSIVE;
				CLANG_WARN_UNREACHABLE_CODE = YES;
				CLANG_WARN__DUPLICATE_METHOD_MATCH = YES;
				COPY_PHASE_STRIP = NO;
				DEBUG_INFORMATION_FORMAT = dwarf;
				ENABLE_STRICT_OBJC_MSGSEND = YES;
				ENABLE_TESTABILITY = YES;
				GCC_C_LANGUAGE_STANDARD = gnu11;
				GCC_DYNAMIC_NO_PIC = NO;
				GCC_NO_COMMON_BLOCKS = YES;
				GCC_OPTIMIZATION_LEVEL = 0;
				GCC_PREPROCESSOR_DEFINITIONS = (
					"DEBUG=1",
					"$(inherited)",
				);
				GCC_WARN_64_TO_32_BIT_CONVERSION = YES;
				GCC_WARN_ABOUT_RETURN_TYPE = YES_ERROR;
				GCC_WARN_UNDECLARED_SELECTOR = YES;
				GCC_WARN_UNINITIALIZED_AUTOS = YES_AGGRESSIVE;
				GCC_WARN_UNUSED_FUNCTION = YES;
				GCC_WARN_UNUSED_VARIABLE = YES;
				IPHONEOS_DEPLOYMENT_TARGET = 16.1;
				MTL_ENABLE_DEBUG_INFO = INCLUDE_SOURCE;
				MTL_FAST_MATH = YES;
				ONLY_ACTIVE_ARCH = YES;
				SDKROOT = iphoneos;
				SWIFT_ACTIVE_COMPILATION_CONDITIONS = DEBUG;
				SWIFT_OPTIMIZATION_LEVEL = "-Onone";
			};
			name = Debug;
		};
		2806C9A22927C2C900A68C9F /* Release */ = {
			isa = XCBuildConfiguration;
			buildSettings = {
				ALWAYS_SEARCH_USER_PATHS = NO;
				CLANG_ANALYZER_NONNULL = YES;
				CLANG_ANALYZER_NUMBER_OBJECT_CONVERSION = YES_AGGRESSIVE;
				CLANG_CXX_LANGUAGE_STANDARD = "gnu++20";
				CLANG_ENABLE_MODULES = YES;
				CLANG_ENABLE_OBJC_ARC = YES;
				CLANG_ENABLE_OBJC_WEAK = YES;
				CLANG_WARN_BLOCK_CAPTURE_AUTORELEASING = YES;
				CLANG_WARN_BOOL_CONVERSION = YES;
				CLANG_WARN_COMMA = YES;
				CLANG_WARN_CONSTANT_CONVERSION = YES;
				CLANG_WARN_DEPRECATED_OBJC_IMPLEMENTATIONS = YES;
				CLANG_WARN_DIRECT_OBJC_ISA_USAGE = YES_ERROR;
				CLANG_WARN_DOCUMENTATION_COMMENTS = YES;
				CLANG_WARN_EMPTY_BODY = YES;
				CLANG_WARN_ENUM_CONVERSION = YES;
				CLANG_WARN_INFINITE_RECURSION = YES;
				CLANG_WARN_INT_CONVERSION = YES;
				CLANG_WARN_NON_LITERAL_NULL_CONVERSION = YES;
				CLANG_WARN_OBJC_IMPLICIT_RETAIN_SELF = YES;
				CLANG_WARN_OBJC_LITERAL_CONVERSION = YES;
				CLANG_WARN_OBJC_ROOT_CLASS = YES_ERROR;
				CLANG_WARN_QUOTED_INCLUDE_IN_FRAMEWORK_HEADER = YES;
				CLANG_WARN_RANGE_LOOP_ANALYSIS = YES;
				CLANG_WARN_STRICT_PROTOTYPES = YES;
				CLANG_WARN_SUSPICIOUS_MOVE = YES;
				CLANG_WARN_UNGUARDED_AVAILABILITY = YES_AGGRESSIVE;
				CLANG_WARN_UNREACHABLE_CODE = YES;
				CLANG_WARN__DUPLICATE_METHOD_MATCH = YES;
				COPY_PHASE_STRIP = NO;
				DEBUG_INFORMATION_FORMAT = "dwarf-with-dsym";
				ENABLE_NS_ASSERTIONS = NO;
				ENABLE_STRICT_OBJC_MSGSEND = YES;
				GCC_C_LANGUAGE_STANDARD = gnu11;
				GCC_NO_COMMON_BLOCKS = YES;
				GCC_WARN_64_TO_32_BIT_CONVERSION = YES;
				GCC_WARN_ABOUT_RETURN_TYPE = YES_ERROR;
				GCC_WARN_UNDECLARED_SELECTOR = YES;
				GCC_WARN_UNINITIALIZED_AUTOS = YES_AGGRESSIVE;
				GCC_WARN_UNUSED_FUNCTION = YES;
				GCC_WARN_UNUSED_VARIABLE = YES;
				IPHONEOS_DEPLOYMENT_TARGET = 16.1;
				MTL_ENABLE_DEBUG_INFO = NO;
				MTL_FAST_MATH = YES;
				SDKROOT = iphoneos;
				SWIFT_COMPILATION_MODE = wholemodule;
				SWIFT_OPTIMIZATION_LEVEL = "-O";
				VALIDATE_PRODUCT = YES;
			};
			name = Release;
		};
		2806C9A42927C2C900A68C9F /* Debug */ = {
			isa = XCBuildConfiguration;
			baseConfigurationReference = 471731AA855AB955ACFB539C /* Pods-InstagramCloneCoding.debug.xcconfig */;
			buildSettings = {
				ASSETCATALOG_COMPILER_APPICON_NAME = AppIcon;
				ASSETCATALOG_COMPILER_GLOBAL_ACCENT_COLOR_NAME = AccentColor;
				CODE_SIGN_STYLE = Automatic;
				CURRENT_PROJECT_VERSION = 1;
				DEVELOPMENT_TEAM = ZF4387CB99;
				GENERATE_INFOPLIST_FILE = YES;
				INFOPLIST_FILE = InstagramCloneCoding/Info.plist;
				INFOPLIST_KEY_UIApplicationSupportsIndirectInputEvents = YES;
				INFOPLIST_KEY_UILaunchStoryboardName = LaunchScreen;
				INFOPLIST_KEY_UIMainStoryboardFile = Main;
				INFOPLIST_KEY_UISupportedInterfaceOrientations_iPad = "UIInterfaceOrientationPortrait UIInterfaceOrientationPortraitUpsideDown UIInterfaceOrientationLandscapeLeft UIInterfaceOrientationLandscapeRight";
				INFOPLIST_KEY_UISupportedInterfaceOrientations_iPhone = "UIInterfaceOrientationPortrait UIInterfaceOrientationLandscapeLeft UIInterfaceOrientationLandscapeRight";
				IPHONEOS_DEPLOYMENT_TARGET = 13.6;
				LD_RUNPATH_SEARCH_PATHS = (
					"$(inherited)",
					"@executable_path/Frameworks",
				);
				MARKETING_VERSION = 1.0;
				PRODUCT_BUNDLE_IDENTIFIER = TEST.InstagramCloneCoding;
				PRODUCT_NAME = "$(TARGET_NAME)";
				SWIFT_EMIT_LOC_STRINGS = YES;
				SWIFT_VERSION = 5.0;
				TARGETED_DEVICE_FAMILY = "1,2";
			};
			name = Debug;
		};
		2806C9A52927C2C900A68C9F /* Release */ = {
			isa = XCBuildConfiguration;
			baseConfigurationReference = E7D94FC07EEB61B2934B5451 /* Pods-InstagramCloneCoding.release.xcconfig */;
			buildSettings = {
				ASSETCATALOG_COMPILER_APPICON_NAME = AppIcon;
				ASSETCATALOG_COMPILER_GLOBAL_ACCENT_COLOR_NAME = AccentColor;
				CODE_SIGN_STYLE = Automatic;
				CURRENT_PROJECT_VERSION = 1;
				DEVELOPMENT_TEAM = ZF4387CB99;
				GENERATE_INFOPLIST_FILE = YES;
				INFOPLIST_FILE = InstagramCloneCoding/Info.plist;
				INFOPLIST_KEY_UIApplicationSupportsIndirectInputEvents = YES;
				INFOPLIST_KEY_UILaunchStoryboardName = LaunchScreen;
				INFOPLIST_KEY_UIMainStoryboardFile = Main;
				INFOPLIST_KEY_UISupportedInterfaceOrientations_iPad = "UIInterfaceOrientationPortrait UIInterfaceOrientationPortraitUpsideDown UIInterfaceOrientationLandscapeLeft UIInterfaceOrientationLandscapeRight";
				INFOPLIST_KEY_UISupportedInterfaceOrientations_iPhone = "UIInterfaceOrientationPortrait UIInterfaceOrientationLandscapeLeft UIInterfaceOrientationLandscapeRight";
				IPHONEOS_DEPLOYMENT_TARGET = 13.6;
				LD_RUNPATH_SEARCH_PATHS = (
					"$(inherited)",
					"@executable_path/Frameworks",
				);
				MARKETING_VERSION = 1.0;
				PRODUCT_BUNDLE_IDENTIFIER = TEST.InstagramCloneCoding;
				PRODUCT_NAME = "$(TARGET_NAME)";
				SWIFT_EMIT_LOC_STRINGS = YES;
				SWIFT_VERSION = 5.0;
				TARGETED_DEVICE_FAMILY = "1,2";
			};
			name = Release;
		};
		2806C9A72927C2C900A68C9F /* Debug */ = {
			isa = XCBuildConfiguration;
			baseConfigurationReference = F081BF7E622AADF595FCB789 /* Pods-InstagramCloneCodingTests.debug.xcconfig */;
			buildSettings = {
				ALWAYS_EMBED_SWIFT_STANDARD_LIBRARIES = YES;
				BUNDLE_LOADER = "$(TEST_HOST)";
				CODE_SIGN_STYLE = Automatic;
				CURRENT_PROJECT_VERSION = 1;
				DEVELOPMENT_TEAM = ZF4387CB99;
				GENERATE_INFOPLIST_FILE = YES;
				IPHONEOS_DEPLOYMENT_TARGET = 16.1;
				MARKETING_VERSION = 1.0;
				PRODUCT_BUNDLE_IDENTIFIER = TEST.InstagramCloneCodingTests;
				PRODUCT_NAME = "$(TARGET_NAME)";
				SWIFT_EMIT_LOC_STRINGS = NO;
				SWIFT_VERSION = 5.0;
				TARGETED_DEVICE_FAMILY = "1,2";
				TEST_HOST = "$(BUILT_PRODUCTS_DIR)/InstagramCloneCoding.app/$(BUNDLE_EXECUTABLE_FOLDER_PATH)/InstagramCloneCoding";
			};
			name = Debug;
		};
		2806C9A82927C2C900A68C9F /* Release */ = {
			isa = XCBuildConfiguration;
			baseConfigurationReference = 4A718BFA39FD340D1E1E1F6C /* Pods-InstagramCloneCodingTests.release.xcconfig */;
			buildSettings = {
				ALWAYS_EMBED_SWIFT_STANDARD_LIBRARIES = YES;
				BUNDLE_LOADER = "$(TEST_HOST)";
				CODE_SIGN_STYLE = Automatic;
				CURRENT_PROJECT_VERSION = 1;
				DEVELOPMENT_TEAM = ZF4387CB99;
				GENERATE_INFOPLIST_FILE = YES;
				IPHONEOS_DEPLOYMENT_TARGET = 16.1;
				MARKETING_VERSION = 1.0;
				PRODUCT_BUNDLE_IDENTIFIER = TEST.InstagramCloneCodingTests;
				PRODUCT_NAME = "$(TARGET_NAME)";
				SWIFT_EMIT_LOC_STRINGS = NO;
				SWIFT_VERSION = 5.0;
				TARGETED_DEVICE_FAMILY = "1,2";
				TEST_HOST = "$(BUILT_PRODUCTS_DIR)/InstagramCloneCoding.app/$(BUNDLE_EXECUTABLE_FOLDER_PATH)/InstagramCloneCoding";
			};
			name = Release;
		};
		2806C9AA2927C2C900A68C9F /* Debug */ = {
			isa = XCBuildConfiguration;
			baseConfigurationReference = 0C4233561989F0F4D0D8F62A /* Pods-InstagramCloneCoding-InstagramCloneCodingUITests.debug.xcconfig */;
			buildSettings = {
				ALWAYS_EMBED_SWIFT_STANDARD_LIBRARIES = YES;
				CODE_SIGN_STYLE = Automatic;
				CURRENT_PROJECT_VERSION = 1;
				DEVELOPMENT_TEAM = ZF4387CB99;
				GENERATE_INFOPLIST_FILE = YES;
				MARKETING_VERSION = 1.0;
				PRODUCT_BUNDLE_IDENTIFIER = TEST.InstagramCloneCodingUITests;
				PRODUCT_NAME = "$(TARGET_NAME)";
				SWIFT_EMIT_LOC_STRINGS = NO;
				SWIFT_VERSION = 5.0;
				TARGETED_DEVICE_FAMILY = "1,2";
				TEST_TARGET_NAME = InstagramCloneCoding;
			};
			name = Debug;
		};
		2806C9AB2927C2C900A68C9F /* Release */ = {
			isa = XCBuildConfiguration;
			baseConfigurationReference = 74D2F2E08A0257811B0942BE /* Pods-InstagramCloneCoding-InstagramCloneCodingUITests.release.xcconfig */;
			buildSettings = {
				ALWAYS_EMBED_SWIFT_STANDARD_LIBRARIES = YES;
				CODE_SIGN_STYLE = Automatic;
				CURRENT_PROJECT_VERSION = 1;
				DEVELOPMENT_TEAM = ZF4387CB99;
				GENERATE_INFOPLIST_FILE = YES;
				MARKETING_VERSION = 1.0;
				PRODUCT_BUNDLE_IDENTIFIER = TEST.InstagramCloneCodingUITests;
				PRODUCT_NAME = "$(TARGET_NAME)";
				SWIFT_EMIT_LOC_STRINGS = NO;
				SWIFT_VERSION = 5.0;
				TARGETED_DEVICE_FAMILY = "1,2";
				TEST_TARGET_NAME = InstagramCloneCoding;
			};
			name = Release;
		};
/* End XCBuildConfiguration section */

/* Begin XCConfigurationList section */
		2806C9742927C2C800A68C9F /* Build configuration list for PBXProject "InstagramCloneCoding" */ = {
			isa = XCConfigurationList;
			buildConfigurations = (
				2806C9A12927C2C900A68C9F /* Debug */,
				2806C9A22927C2C900A68C9F /* Release */,
			);
			defaultConfigurationIsVisible = 0;
			defaultConfigurationName = Release;
		};
		2806C9A32927C2C900A68C9F /* Build configuration list for PBXNativeTarget "InstagramCloneCoding" */ = {
			isa = XCConfigurationList;
			buildConfigurations = (
				2806C9A42927C2C900A68C9F /* Debug */,
				2806C9A52927C2C900A68C9F /* Release */,
			);
			defaultConfigurationIsVisible = 0;
			defaultConfigurationName = Release;
		};
		2806C9A62927C2C900A68C9F /* Build configuration list for PBXNativeTarget "InstagramCloneCodingTests" */ = {
			isa = XCConfigurationList;
			buildConfigurations = (
				2806C9A72927C2C900A68C9F /* Debug */,
				2806C9A82927C2C900A68C9F /* Release */,
			);
			defaultConfigurationIsVisible = 0;
			defaultConfigurationName = Release;
		};
		2806C9A92927C2C900A68C9F /* Build configuration list for PBXNativeTarget "InstagramCloneCodingUITests" */ = {
			isa = XCConfigurationList;
			buildConfigurations = (
				2806C9AA2927C2C900A68C9F /* Debug */,
				2806C9AB2927C2C900A68C9F /* Release */,
			);
			defaultConfigurationIsVisible = 0;
			defaultConfigurationName = Release;
		};
/* End XCConfigurationList section */
	};
	rootObject = 2806C9712927C2C800A68C9F /* Project object */;
}
